
Microsoft Visual Studio Solution File, Format Version 12.00
# Visual Studio Version 17
VisualStudioVersion = 17.12.35527.113
MinimumVisualStudioVersion = 10.0.40219.1
Project("{2150E333-8FDC-42A3-9474-1A3956D46DE8}") = "src", "src", "{1355FF9C-AFA6-48D3-9D53-C6FAA370B297}"
EndProject
Project("{2150E333-8FDC-42A3-9474-1A3956D46DE8}") = "01-Domain", "01-Domain", "{E96DE57F-9902-49C5-B29F-303E425D8747}"
EndProject
Project("{2150E333-8FDC-42A3-9474-1A3956D46DE8}") = "02-Infrastructures", "02-Infrastructures", "{B3D0FC9D-12D6-48FA-AAF2-3521773AD171}"
EndProject
Project("{2150E333-8FDC-42A3-9474-1A3956D46DE8}") = "03-EndPoint", "03-EndPoint", "{C28A8DB4-34F4-4B15-9527-D9FB6A7E1034}"
EndProject
Project("{2150E333-8FDC-42A3-9474-1A3956D46DE8}") = "Core", "Core", "{7219A24A-26AA-44A7-A9F1-AF83BE1F9EB4}"
EndProject
Project("{2150E333-8FDC-42A3-9474-1A3956D46DE8}") = "Service", "Service", "{DA558600-BD6C-493E-933E-E6B70CD8F79A}"
EndProject
Project("{FAE04EC0-301F-11D3-BF4B-00C04F79EFBC}") = "App.Domain.Core", "App.Domain.Core\App.Domain.Core.csproj", "{DE47BB23-0855-4843-91EA-E62673947464}"
EndProject
Project("{FAE04EC0-301F-11D3-BF4B-00C04F79EFBC}") = "App.Domain.AppServices", "App.Domain.AppServices\App.Domain.AppServices.csproj", "{EC3F72E5-C6B7-46BB-95B3-335A65BD1E92}"
EndProject
Project("{FAE04EC0-301F-11D3-BF4B-00C04F79EFBC}") = "App.Domain.Services", "App.Domain.Services\App.Domain.Services.csproj", "{EC004F9A-3DA1-492B-8FAE-792F012EA0A4}"
EndProject
Project("{2150E333-8FDC-42A3-9474-1A3956D46DE8}") = "DataAccess", "DataAccess", "{9D63376A-1BFD-4B26-80C6-7F63580646A4}"
EndProject
Project("{2150E333-8FDC-42A3-9474-1A3956D46DE8}") = "Db", "Db", "{E3DA8E8C-79C5-41E3-94AC-0F86E993D95C}"
EndProject
Project("{FAE04EC0-301F-11D3-BF4B-00C04F79EFBC}") = "App.Infra.Data.Repos.Ef", "App.Infra.Data.Repos.Ef\App.Infra.Data.Repos.Ef.csproj", "{1D35BD1A-11D9-411E-B3C5-50D0B074AA69}"
EndProject
Project("{FAE04EC0-301F-11D3-BF4B-00C04F79EFBC}") = "App.Infra.Data.Db.SqlServer.Ef", "App.Infra.Data.Db.SqlServer.Ef\App.Infra.Data.Db.SqlServer.Ef.csproj", "{A72C2ECD-A363-43A9-91A5-3636DAF717B9}"
EndProject
Project("{FAE04EC0-301F-11D3-BF4B-00C04F79EFBC}") = "HomeService.Endpoints.Mvc", "Hw22.Endpoints.Mvc\HomeService.Endpoints.Mvc.csproj", "{6D8C5358-90E6-43B1-8F5C-29E1C8E9E354}"
EndProject
Project("{FAE04EC0-301F-11D3-BF4B-00C04F79EFBC}") = "HomeService.Endpoints.RazorPages", "HomeService.Endpoints.RazorPages\HomeService.Endpoints.RazorPages.csproj", "{8FBF0520-68BD-43B2-AED1-7116B0E951C1}"
EndProject
Project("{2150E333-8FDC-42A3-9474-1A3956D46DE8}") = "0.Framework", "0.Framework", "{6CE4FE6E-5786-41C7-B24D-B5765C47BAFC}"
EndProject
Project("{FAE04EC0-301F-11D3-BF4B-00C04F79EFBC}") = "Framework", "Framework\Framework.csproj", "{B77B3E34-602A-4B83-8579-64D6E900E7E4}"
EndProject
Global
	GlobalSection(SolutionConfigurationPlatforms) = preSolution
		Debug|Any CPU = Debug|Any CPU
		Release|Any CPU = Release|Any CPU
	EndGlobalSection
	GlobalSection(ProjectConfigurationPlatforms) = postSolution
		{DE47BB23-0855-4843-91EA-E62673947464}.Debug|Any CPU.ActiveCfg = Debug|Any CPU
		{DE47BB23-0855-4843-91EA-E62673947464}.Debug|Any CPU.Build.0 = Debug|Any CPU
		{DE47BB23-0855-4843-91EA-E62673947464}.Release|Any CPU.ActiveCfg = Release|Any CPU
		{DE47BB23-0855-4843-91EA-E62673947464}.Release|Any CPU.Build.0 = Release|Any CPU
		{EC3F72E5-C6B7-46BB-95B3-335A65BD1E92}.Debug|Any CPU.ActiveCfg = Debug|Any CPU
		{EC3F72E5-C6B7-46BB-95B3-335A65BD1E92}.Debug|Any CPU.Build.0 = Debug|Any CPU
		{EC3F72E5-C6B7-46BB-95B3-335A65BD1E92}.Release|Any CPU.ActiveCfg = Release|Any CPU
		{EC3F72E5-C6B7-46BB-95B3-335A65BD1E92}.Release|Any CPU.Build.0 = Release|Any CPU
		{EC004F9A-3DA1-492B-8FAE-792F012EA0A4}.Debug|Any CPU.ActiveCfg = Debug|Any CPU
		{EC004F9A-3DA1-492B-8FAE-792F012EA0A4}.Debug|Any CPU.Build.0 = Debug|Any CPU
		{EC004F9A-3DA1-492B-8FAE-792F012EA0A4}.Release|Any CPU.ActiveCfg = Release|Any CPU
		{EC004F9A-3DA1-492B-8FAE-792F012EA0A4}.Release|Any CPU.Build.0 = Release|Any CPU
		{1D35BD1A-11D9-411E-B3C5-50D0B074AA69}.Debug|Any CPU.ActiveCfg = Debug|Any CPU
		{1D35BD1A-11D9-411E-B3C5-50D0B074AA69}.Debug|Any CPU.Build.0 = Debug|Any CPU
		{1D35BD1A-11D9-411E-B3C5-50D0B074AA69}.Release|Any CPU.ActiveCfg = Release|Any CPU
		{1D35BD1A-11D9-411E-B3C5-50D0B074AA69}.Release|Any CPU.Build.0 = Release|Any CPU
		{A72C2ECD-A363-43A9-91A5-3636DAF717B9}.Debug|Any CPU.ActiveCfg = Debug|Any CPU
		{A72C2ECD-A363-43A9-91A5-3636DAF717B9}.Debug|Any CPU.Build.0 = Debug|Any CPU
		{A72C2ECD-A363-43A9-91A5-3636DAF717B9}.Release|Any CPU.ActiveCfg = Release|Any CPU
		{A72C2ECD-A363-43A9-91A5-3636DAF717B9}.Release|Any CPU.Build.0 = Release|Any CPU
		{6D8C5358-90E6-43B1-8F5C-29E1C8E9E354}.Debug|Any CPU.ActiveCfg = Debug|Any CPU
		{6D8C5358-90E6-43B1-8F5C-29E1C8E9E354}.Debug|Any CPU.Build.0 = Debug|Any CPU
		{6D8C5358-90E6-43B1-8F5C-29E1C8E9E354}.Release|Any CPU.ActiveCfg = Release|Any CPU
		{6D8C5358-90E6-43B1-8F5C-29E1C8E9E354}.Release|Any CPU.Build.0 = Release|Any CPU
		{8FBF0520-68BD-43B2-AED1-7116B0E951C1}.Debug|Any CPU.ActiveCfg = Debug|Any CPU
		{8FBF0520-68BD-43B2-AED1-7116B0E951C1}.Debug|Any CPU.Build.0 = Debug|Any CPU
		{8FBF0520-68BD-43B2-AED1-7116B0E951C1}.Release|Any CPU.ActiveCfg = Release|Any CPU
		{8FBF0520-68BD-43B2-AED1-7116B0E951C1}.Release|Any CPU.Build.0 = Release|Any CPU
		{B77B3E34-602A-4B83-8579-64D6E900E7E4}.Debug|Any CPU.ActiveCfg = Debug|Any CPU
		{B77B3E34-602A-4B83-8579-64D6E900E7E4}.Debug|Any CPU.Build.0 = Debug|Any CPU
		{B77B3E34-602A-4B83-8579-64D6E900E7E4}.Release|Any CPU.ActiveCfg = Release|Any CPU
		{B77B3E34-602A-4B83-8579-64D6E900E7E4}.Release|Any CPU.Build.0 = Release|Any CPU
	EndGlobalSection
	GlobalSection(SolutionProperties) = preSolution
		HideSolutionNode = FALSE
	EndGlobalSection
	GlobalSection(NestedProjects) = preSolution
		{E96DE57F-9902-49C5-B29F-303E425D8747} = {1355FF9C-AFA6-48D3-9D53-C6FAA370B297}
		{B3D0FC9D-12D6-48FA-AAF2-3521773AD171} = {1355FF9C-AFA6-48D3-9D53-C6FAA370B297}
		{C28A8DB4-34F4-4B15-9527-D9FB6A7E1034} = {1355FF9C-AFA6-48D3-9D53-C6FAA370B297}
		{7219A24A-26AA-44A7-A9F1-AF83BE1F9EB4} = {E96DE57F-9902-49C5-B29F-303E425D8747}
		{DA558600-BD6C-493E-933E-E6B70CD8F79A} = {E96DE57F-9902-49C5-B29F-303E425D8747}
		{DE47BB23-0855-4843-91EA-E62673947464} = {7219A24A-26AA-44A7-A9F1-AF83BE1F9EB4}
		{EC3F72E5-C6B7-46BB-95B3-335A65BD1E92} = {DA558600-BD6C-493E-933E-E6B70CD8F79A}
		{EC004F9A-3DA1-492B-8FAE-792F012EA0A4} = {DA558600-BD6C-493E-933E-E6B70CD8F79A}
		{9D63376A-1BFD-4B26-80C6-7F63580646A4} = {B3D0FC9D-12D6-48FA-AAF2-3521773AD171}
		{E3DA8E8C-79C5-41E3-94AC-0F86E993D95C} = {B3D0FC9D-12D6-48FA-AAF2-3521773AD171}
		{1D35BD1A-11D9-411E-B3C5-50D0B074AA69} = {9D63376A-1BFD-4B26-80C6-7F63580646A4}
		{A72C2ECD-A363-43A9-91A5-3636DAF717B9} = {E3DA8E8C-79C5-41E3-94AC-0F86E993D95C}
		{6D8C5358-90E6-43B1-8F5C-29E1C8E9E354} = {C28A8DB4-34F4-4B15-9527-D9FB6A7E1034}
		{8FBF0520-68BD-43B2-AED1-7116B0E951C1} = {C28A8DB4-34F4-4B15-9527-D9FB6A7E1034}
		{6CE4FE6E-5786-41C7-B24D-B5765C47BAFC} = {1355FF9C-AFA6-48D3-9D53-C6FAA370B297}
		{B77B3E34-602A-4B83-8579-64D6E900E7E4} = {6CE4FE6E-5786-41C7-B24D-B5765C47BAFC}
	EndGlobalSection
EndGlobal
